
Microsoft Visual Studio Solution File, Format Version 12.00
# Visual Studio Version 17
VisualStudioVersion = 17.13.35828.75 d17.13
MinimumVisualStudioVersion = 10.0.40219.1
Project("{FAE04EC0-301F-11D3-BF4B-00C04F79EFBC}") = "Disjoint Set (Union-Find)", "Disjoint Set (Union-Find)\Disjoint Set (Union-Find).csproj", "{D4ADFBCD-B01A-41D0-B687-8A1F0F9D8CE7}"
EndProject
Global
	GlobalSection(SolutionConfigurationPlatforms) = preSolution
		Debug|Any CPU = Debug|Any CPU
		Release|Any CPU = Release|Any CPU
	EndGlobalSection
	GlobalSection(ProjectConfigurationPlatforms) = postSolution
		{D4ADFBCD-B01A-41D0-B687-8A1F0F9D8CE7}.Debug|Any CPU.ActiveCfg = Debug|Any CPU
		{D4ADFBCD-B01A-41D0-B687-8A1F0F9D8CE7}.Debug|Any CPU.Build.0 = Debug|Any CPU
		{D4ADFBCD-B01A-41D0-B687-8A1F0F9D8CE7}.Release|Any CPU.ActiveCfg = Release|Any CPU
		{D4ADFBCD-B01A-41D0-B687-8A1F0F9D8CE7}.Release|Any CPU.Build.0 = Release|Any CPU
	EndGlobalSection
	GlobalSection(SolutionProperties) = preSolution
		HideSolutionNode = FALSE
	EndGlobalSection
	GlobalSection(ExtensibilityGlobals) = postSolution
		SolutionGuid = {CDD76AC2-2B89-4E5F-B802-DBC9E7A9B6E0}
	EndGlobalSection
EndGlobal
